<Solution>
  <Project Path="MouseBaseLib/MouseBaseLib.csproj" />
  <Project Path="MouseStdLib/MouseStdLib.csproj" Id="fdf7568a-5f27-4186-9af6-2a0383c6e101" />
  <Project Path="MouseUnsafeLib/MouseUnsafeLib.csproj" Id="14c5ef9a-ba14-4ee0-a818-41a990971b25" />
  <Project Path="Tests/MouseLibTests/MouseLibTests.csproj" Id="8af24dab-93d1-4031-a49d-f123b5d37dc3" />
  <Project Path="Tests/MoveFindBenchmark/MoveFindBenchmark.csproj" Id="59dd2d07-05bb-4464-b018-9a21f8f3c4b7" />
</Solution>
